// !$*UTF8*$!
{
	archiveVersion = 1;
	classes = {
	};
	objectVersion = 56;
	objects = {

/* Begin PBXBuildFile section */
		4938625A297F4BE700C61AE3 /* ArrivalsApp.swift in Sources */ = {isa = PBXBuildFile; fileRef = 49386259297F4BE700C61AE3 /* ArrivalsApp.swift */; };
		4938625C297F4BE700C61AE3 /* ArrivalsView.swift in Sources */ = {isa = PBXBuildFile; fileRef = 4938625B297F4BE700C61AE3 /* ArrivalsView.swift */; };
		4938625E297F4BE900C61AE3 /* Assets.xcassets in Resources */ = {isa = PBXBuildFile; fileRef = 4938625D297F4BE900C61AE3 /* Assets.xcassets */; };
		49386261297F4BE900C61AE3 /* Preview Assets.xcassets in Resources */ = {isa = PBXBuildFile; fileRef = 49386260297F4BE900C61AE3 /* Preview Assets.xcassets */; };
		49386288298348A100C61AE3 /* LUR.ttf in Resources */ = {isa = PBXBuildFile; fileRef = 49386287298348A100C61AE3 /* LUR.ttf */; };
		494573E929FD42DD00971BF4 /* SettingsViewModel.swift in Sources */ = {isa = PBXBuildFile; fileRef = 494573E829FD42DD00971BF4 /* SettingsViewModel.swift */; };
		494945A829F7ABCD00D463D7 /* SettingsView.swift in Sources */ = {isa = PBXBuildFile; fileRef = 494945A729F7ABCD00D463D7 /* SettingsView.swift */; };
		498B00EB298474E7001E83C4 /* ArrivalsViewModel.swift in Sources */ = {isa = PBXBuildFile; fileRef = 498B00EA298474E7001E83C4 /* ArrivalsViewModel.swift */; };
		49D28FF72B1B76600015C9D7 /* SettingsAccess in Frameworks */ = {isa = PBXBuildFile; productRef = 49D28FF62B1B76600015C9D7 /* SettingsAccess */; };
/* End PBXBuildFile section */

/* Begin PBXContainerItemProxy section */
		49386268297F4BE900C61AE3 /* PBXContainerItemProxy */ = {
			isa = PBXContainerItemProxy;
			containerPortal = 4938624E297F4BE700C61AE3 /* Project object */;
			proxyType = 1;
			remoteGlobalIDString = 49386255297F4BE700C61AE3;
			remoteInfo = Arrivals;
		};
		49386272297F4BE900C61AE3 /* PBXContainerItemProxy */ = {
			isa = PBXContainerItemProxy;
			containerPortal = 4938624E297F4BE700C61AE3 /* Project object */;
			proxyType = 1;
			remoteGlobalIDString = 49386255297F4BE700C61AE3;
			remoteInfo = Arrivals;
		};
/* End PBXContainerItemProxy section */

/* Begin PBXFileReference section */
		49386256297F4BE700C61AE3 /* Arrivals.app */ = {isa = PBXFileReference; explicitFileType = wrapper.application; includeInIndex = 0; path = Arrivals.app; sourceTree = BUILT_PRODUCTS_DIR; };
		49386259297F4BE700C61AE3 /* ArrivalsApp.swift */ = {isa = PBXFileReference; lastKnownFileType = sourcecode.swift; path = ArrivalsApp.swift; sourceTree = "<group>"; };
		4938625B297F4BE700C61AE3 /* ArrivalsView.swift */ = {isa = PBXFileReference; lastKnownFileType = sourcecode.swift; path = ArrivalsView.swift; sourceTree = "<group>"; };
		4938625D297F4BE900C61AE3 /* Assets.xcassets */ = {isa = PBXFileReference; lastKnownFileType = folder.assetcatalog; path = Assets.xcassets; sourceTree = "<group>"; };
		49386260297F4BE900C61AE3 /* Preview Assets.xcassets */ = {isa = PBXFileReference; lastKnownFileType = folder.assetcatalog; path = "Preview Assets.xcassets"; sourceTree = "<group>"; };
		49386262297F4BE900C61AE3 /* Arrivals.entitlements */ = {isa = PBXFileReference; lastKnownFileType = text.plist.entitlements; path = Arrivals.entitlements; sourceTree = "<group>"; };
		49386267297F4BE900C61AE3 /* ArrivalsTests.xctest */ = {isa = PBXFileReference; explicitFileType = wrapper.cfbundle; includeInIndex = 0; path = ArrivalsTests.xctest; sourceTree = BUILT_PRODUCTS_DIR; };
		49386271297F4BE900C61AE3 /* ArrivalsUITests.xctest */ = {isa = PBXFileReference; explicitFileType = wrapper.cfbundle; includeInIndex = 0; path = ArrivalsUITests.xctest; sourceTree = BUILT_PRODUCTS_DIR; };
		493862862983404100C61AE3 /* Info.plist */ = {isa = PBXFileReference; lastKnownFileType = text.plist; path = Info.plist; sourceTree = "<group>"; };
		49386287298348A100C61AE3 /* LUR.ttf */ = {isa = PBXFileReference; lastKnownFileType = file; path = LUR.ttf; sourceTree = "<group>"; };
		494573E829FD42DD00971BF4 /* SettingsViewModel.swift */ = {isa = PBXFileReference; lastKnownFileType = sourcecode.swift; path = SettingsViewModel.swift; sourceTree = "<group>"; };
		494945A729F7ABCD00D463D7 /* SettingsView.swift */ = {isa = PBXFileReference; lastKnownFileType = sourcecode.swift; path = SettingsView.swift; sourceTree = "<group>"; };
		498B00EA298474E7001E83C4 /* ArrivalsViewModel.swift */ = {isa = PBXFileReference; lastKnownFileType = sourcecode.swift; path = ArrivalsViewModel.swift; sourceTree = "<group>"; };
/* End PBXFileReference section */

/* Begin PBXFrameworksBuildPhase section */
		49386253297F4BE700C61AE3 /* Frameworks */ = {
			isa = PBXFrameworksBuildPhase;
			buildActionMask = 2147483647;
			files = (
				49D28FF72B1B76600015C9D7 /* SettingsAccess in Frameworks */,
			);
			runOnlyForDeploymentPostprocessing = 0;
		};
		49386264297F4BE900C61AE3 /* Frameworks */ = {
			isa = PBXFrameworksBuildPhase;
			buildActionMask = 2147483647;
			files = (
			);
			runOnlyForDeploymentPostprocessing = 0;
		};
		4938626E297F4BE900C61AE3 /* Frameworks */ = {
			isa = PBXFrameworksBuildPhase;
			buildActionMask = 2147483647;
			files = (
			);
			runOnlyForDeploymentPostprocessing = 0;
		};
/* End PBXFrameworksBuildPhase section */

/* Begin PBXGroup section */
		4938624D297F4BE700C61AE3 = {
			isa = PBXGroup;
			children = (
				49386258297F4BE700C61AE3 /* Arrivals */,
				49386257297F4BE700C61AE3 /* Products */,
			);
			sourceTree = "<group>";
		};
		49386257297F4BE700C61AE3 /* Products */ = {
			isa = PBXGroup;
			children = (
				49386256297F4BE700C61AE3 /* Arrivals.app */,
				49386267297F4BE900C61AE3 /* ArrivalsTests.xctest */,
				49386271297F4BE900C61AE3 /* ArrivalsUITests.xctest */,
			);
			name = Products;
			sourceTree = "<group>";
		};
		49386258297F4BE700C61AE3 /* Arrivals */ = {
			isa = PBXGroup;
			children = (
				49386287298348A100C61AE3 /* LUR.ttf */,
				493862862983404100C61AE3 /* Info.plist */,
				49386259297F4BE700C61AE3 /* ArrivalsApp.swift */,
				4938625B297F4BE700C61AE3 /* ArrivalsView.swift */,
				498B00EA298474E7001E83C4 /* ArrivalsViewModel.swift */,
				494945A729F7ABCD00D463D7 /* SettingsView.swift */,
				494573E829FD42DD00971BF4 /* SettingsViewModel.swift */,
				4938625D297F4BE900C61AE3 /* Assets.xcassets */,
				49386262297F4BE900C61AE3 /* Arrivals.entitlements */,
				4938625F297F4BE900C61AE3 /* Preview Content */,
			);
			path = Arrivals;
			sourceTree = "<group>";
		};
		4938625F297F4BE900C61AE3 /* Preview Content */ = {
			isa = PBXGroup;
			children = (
				49386260297F4BE900C61AE3 /* Preview Assets.xcassets */,
			);
			path = "Preview Content";
			sourceTree = "<group>";
		};
/* End PBXGroup section */

/* Begin PBXNativeTarget section */
		49386255297F4BE700C61AE3 /* Arrivals */ = {
			isa = PBXNativeTarget;
			buildConfigurationList = 4938627B297F4BE900C61AE3 /* Build configuration list for PBXNativeTarget "Arrivals" */;
			buildPhases = (
				498B00E92983CDE6001E83C4 /* Run Script */,
				49386252297F4BE700C61AE3 /* Sources */,
				49386253297F4BE700C61AE3 /* Frameworks */,
				49386254297F4BE700C61AE3 /* Resources */,
			);
			buildRules = (
			);
			dependencies = (
			);
			name = Arrivals;
			packageProductDependencies = (
				49D28FF62B1B76600015C9D7 /* SettingsAccess */,
			);
			productName = Arrivals;
			productReference = 49386256297F4BE700C61AE3 /* Arrivals.app */;
			productType = "com.apple.product-type.application";
		};
		49386266297F4BE900C61AE3 /* ArrivalsTests */ = {
			isa = PBXNativeTarget;
			buildConfigurationList = 4938627E297F4BE900C61AE3 /* Build configuration list for PBXNativeTarget "ArrivalsTests" */;
			buildPhases = (
				49386263297F4BE900C61AE3 /* Sources */,
				49386264297F4BE900C61AE3 /* Frameworks */,
				49386265297F4BE900C61AE3 /* Resources */,
			);
			buildRules = (
			);
			dependencies = (
				49386269297F4BE900C61AE3 /* PBXTargetDependency */,
			);
			name = ArrivalsTests;
			productName = ArrivalsTests;
			productReference = 49386267297F4BE900C61AE3 /* ArrivalsTests.xctest */;
			productType = "com.apple.product-type.bundle.unit-test";
		};
		49386270297F4BE900C61AE3 /* ArrivalsUITests */ = {
			isa = PBXNativeTarget;
			buildConfigurationList = 49386281297F4BE900C61AE3 /* Build configuration list for PBXNativeTarget "ArrivalsUITests" */;
			buildPhases = (
				4938626D297F4BE900C61AE3 /* Sources */,
				4938626E297F4BE900C61AE3 /* Frameworks */,
				4938626F297F4BE900C61AE3 /* Resources */,
			);
			buildRules = (
			);
			dependencies = (
				49386273297F4BE900C61AE3 /* PBXTargetDependency */,
			);
			name = ArrivalsUITests;
			productName = ArrivalsUITests;
			productReference = 49386271297F4BE900C61AE3 /* ArrivalsUITests.xctest */;
			productType = "com.apple.product-type.bundle.ui-testing";
		};
/* End PBXNativeTarget section */

/* Begin PBXProject section */
		4938624E297F4BE700C61AE3 /* Project object */ = {
			isa = PBXProject;
			attributes = {
				BuildIndependentTargetsInParallel = 1;
				LastSwiftUpdateCheck = 1420;
				LastUpgradeCheck = 1500;
				TargetAttributes = {
					49386255297F4BE700C61AE3 = {
						CreatedOnToolsVersion = 14.2;
					};
					49386266297F4BE900C61AE3 = {
						CreatedOnToolsVersion = 14.2;
						TestTargetID = 49386255297F4BE700C61AE3;
					};
					49386270297F4BE900C61AE3 = {
						CreatedOnToolsVersion = 14.2;
						TestTargetID = 49386255297F4BE700C61AE3;
					};
				};
			};
			buildConfigurationList = 49386251297F4BE700C61AE3 /* Build configuration list for PBXProject "Arrivals" */;
			compatibilityVersion = "Xcode 14.0";
			developmentRegion = en;
			hasScannedForEncodings = 0;
			knownRegions = (
				en,
				Base,
			);
			mainGroup = 4938624D297F4BE700C61AE3;
			packageReferences = (
				49D28FF52B1B76600015C9D7 /* XCRemoteSwiftPackageReference "SettingsAccess" */,
			);
			productRefGroup = 49386257297F4BE700C61AE3 /* Products */;
			projectDirPath = "";
			projectRoot = "";
			targets = (
				49386255297F4BE700C61AE3 /* Arrivals */,
				49386266297F4BE900C61AE3 /* ArrivalsTests */,
				49386270297F4BE900C61AE3 /* ArrivalsUITests */,
			);
		};
/* End PBXProject section */

/* Begin PBXResourcesBuildPhase section */
		49386254297F4BE700C61AE3 /* Resources */ = {
			isa = PBXResourcesBuildPhase;
			buildActionMask = 2147483647;
			files = (
				49386261297F4BE900C61AE3 /* Preview Assets.xcassets in Resources */,
				49386288298348A100C61AE3 /* LUR.ttf in Resources */,
				4938625E297F4BE900C61AE3 /* Assets.xcassets in Resources */,
			);
			runOnlyForDeploymentPostprocessing = 0;
		};
		49386265297F4BE900C61AE3 /* Resources */ = {
			isa = PBXResourcesBuildPhase;
			buildActionMask = 2147483647;
			files = (
			);
			runOnlyForDeploymentPostprocessing = 0;
		};
		4938626F297F4BE900C61AE3 /* Resources */ = {
			isa = PBXResourcesBuildPhase;
			buildActionMask = 2147483647;
			files = (
			);
			runOnlyForDeploymentPostprocessing = 0;
		};
/* End PBXResourcesBuildPhase section */

/* Begin PBXShellScriptBuildPhase section */
		498B00E92983CDE6001E83C4 /* Run Script */ = {
			isa = PBXShellScriptBuildPhase;
			buildActionMask = 2147483647;
			files = (
			);
			inputFileListPaths = (
			);
			inputPaths = (
			);
			name = "Run Script";
			outputFileListPaths = (
			);
			outputPaths = (
			);
			runOnlyForDeploymentPostprocessing = 0;
			shellPath = /bin/zsh;
			shellScript = "cd \"$SRCROOT/..\"\nif [ -f ~/.zshrc ]; then\n    source ~/.zshrc\nfi\n./gradlew embedAndSignAppleFrameworkForXcode\n";
		};
/* End PBXShellScriptBuildPhase section */

/* Begin PBXSourcesBuildPhase section */
		49386252297F4BE700C61AE3 /* Sources */ = {
			isa = PBXSourcesBuildPhase;
			buildActionMask = 2147483647;
			files = (
				494573E929FD42DD00971BF4 /* SettingsViewModel.swift in Sources */,
				4938625C297F4BE700C61AE3 /* ArrivalsView.swift in Sources */,
				498B00EB298474E7001E83C4 /* ArrivalsViewModel.swift in Sources */,
				494945A829F7ABCD00D463D7 /* SettingsView.swift in Sources */,
				4938625A297F4BE700C61AE3 /* ArrivalsApp.swift in Sources */,
			);
			runOnlyForDeploymentPostprocessing = 0;
		};
		49386263297F4BE900C61AE3 /* Sources */ = {
			isa = PBXSourcesBuildPhase;
			buildActionMask = 2147483647;
			files = (
			);
			runOnlyForDeploymentPostprocessing = 0;
		};
		4938626D297F4BE900C61AE3 /* Sources */ = {
			isa = PBXSourcesBuildPhase;
			buildActionMask = 2147483647;
			files = (
			);
			runOnlyForDeploymentPostprocessing = 0;
		};
/* End PBXSourcesBuildPhase section */

/* Begin PBXTargetDependency section */
		49386269297F4BE900C61AE3 /* PBXTargetDependency */ = {
			isa = PBXTargetDependency;
			target = 49386255297F4BE700C61AE3 /* Arrivals */;
			targetProxy = 49386268297F4BE900C61AE3 /* PBXContainerItemProxy */;
		};
		49386273297F4BE900C61AE3 /* PBXTargetDependency */ = {
			isa = PBXTargetDependency;
			target = 49386255297F4BE700C61AE3 /* Arrivals */;
			targetProxy = 49386272297F4BE900C61AE3 /* PBXContainerItemProxy */;
		};
/* End PBXTargetDependency section */

/* Begin XCBuildConfiguration section */
		49386279297F4BE900C61AE3 /* Debug */ = {
			isa = XCBuildConfiguration;
			buildSettings = {
				ALWAYS_SEARCH_USER_PATHS = NO;
				CLANG_ANALYZER_NONNULL = YES;
				CLANG_ANALYZER_NUMBER_OBJECT_CONVERSION = YES_AGGRESSIVE;
				CLANG_CXX_LANGUAGE_STANDARD = "gnu++20";
				CLANG_ENABLE_MODULES = YES;
				CLANG_ENABLE_OBJC_ARC = YES;
				CLANG_ENABLE_OBJC_WEAK = YES;
				CLANG_WARN_BLOCK_CAPTURE_AUTORELEASING = YES;
				CLANG_WARN_BOOL_CONVERSION = YES;
				CLANG_WARN_COMMA = YES;
				CLANG_WARN_CONSTANT_CONVERSION = YES;
				CLANG_WARN_DEPRECATED_OBJC_IMPLEMENTATIONS = YES;
				CLANG_WARN_DIRECT_OBJC_ISA_USAGE = YES_ERROR;
				CLANG_WARN_DOCUMENTATION_COMMENTS = YES;
				CLANG_WARN_EMPTY_BODY = YES;
				CLANG_WARN_ENUM_CONVERSION = YES;
				CLANG_WARN_INFINITE_RECURSION = YES;
				CLANG_WARN_INT_CONVERSION = YES;
				CLANG_WARN_NON_LITERAL_NULL_CONVERSION = YES;
				CLANG_WARN_OBJC_IMPLICIT_RETAIN_SELF = YES;
				CLANG_WARN_OBJC_LITERAL_CONVERSION = YES;
				CLANG_WARN_OBJC_ROOT_CLASS = YES_ERROR;
				CLANG_WARN_QUOTED_INCLUDE_IN_FRAMEWORK_HEADER = YES;
				CLANG_WARN_RANGE_LOOP_ANALYSIS = YES;
				CLANG_WARN_STRICT_PROTOTYPES = YES;
				CLANG_WARN_SUSPICIOUS_MOVE = YES;
				CLANG_WARN_UNGUARDED_AVAILABILITY = YES_AGGRESSIVE;
				CLANG_WARN_UNREACHABLE_CODE = YES;
				CLANG_WARN__DUPLICATE_METHOD_MATCH = YES;
				COPY_PHASE_STRIP = NO;
				DEAD_CODE_STRIPPING = YES;
				DEBUG_INFORMATION_FORMAT = dwarf;
				ENABLE_STRICT_OBJC_MSGSEND = YES;
				ENABLE_TESTABILITY = YES;
				ENABLE_USER_SCRIPT_SANDBOXING = YES;
				GCC_C_LANGUAGE_STANDARD = gnu11;
				GCC_DYNAMIC_NO_PIC = NO;
				GCC_NO_COMMON_BLOCKS = YES;
				GCC_OPTIMIZATION_LEVEL = 0;
				GCC_PREPROCESSOR_DEFINITIONS = (
					"DEBUG=1",
					"$(inherited)",
				);
				GCC_WARN_64_TO_32_BIT_CONVERSION = YES;
				GCC_WARN_ABOUT_RETURN_TYPE = YES_ERROR;
				GCC_WARN_UNDECLARED_SELECTOR = YES;
				GCC_WARN_UNINITIALIZED_AUTOS = YES_AGGRESSIVE;
				GCC_WARN_UNUSED_FUNCTION = YES;
				GCC_WARN_UNUSED_VARIABLE = YES;
				MACOSX_DEPLOYMENT_TARGET = 13.0;
				MTL_ENABLE_DEBUG_INFO = INCLUDE_SOURCE;
				MTL_FAST_MATH = YES;
				ONLY_ACTIVE_ARCH = YES;
				SDKROOT = macosx;
				SWIFT_ACTIVE_COMPILATION_CONDITIONS = DEBUG;
				SWIFT_OPTIMIZATION_LEVEL = "-Onone";
			};
			name = Debug;
		};
		4938627A297F4BE900C61AE3 /* Release */ = {
			isa = XCBuildConfiguration;
			buildSettings = {
				ALWAYS_SEARCH_USER_PATHS = NO;
				CLANG_ANALYZER_NONNULL = YES;
				CLANG_ANALYZER_NUMBER_OBJECT_CONVERSION = YES_AGGRESSIVE;
				CLANG_CXX_LANGUAGE_STANDARD = "gnu++20";
				CLANG_ENABLE_MODULES = YES;
				CLANG_ENABLE_OBJC_ARC = YES;
				CLANG_ENABLE_OBJC_WEAK = YES;
				CLANG_WARN_BLOCK_CAPTURE_AUTORELEASING = YES;
				CLANG_WARN_BOOL_CONVERSION = YES;
				CLANG_WARN_COMMA = YES;
				CLANG_WARN_CONSTANT_CONVERSION = YES;
				CLANG_WARN_DEPRECATED_OBJC_IMPLEMENTATIONS = YES;
				CLANG_WARN_DIRECT_OBJC_ISA_USAGE = YES_ERROR;
				CLANG_WARN_DOCUMENTATION_COMMENTS = YES;
				CLANG_WARN_EMPTY_BODY = YES;
				CLANG_WARN_ENUM_CONVERSION = YES;
				CLANG_WARN_INFINITE_RECURSION = YES;
				CLANG_WARN_INT_CONVERSION = YES;
				CLANG_WARN_NON_LITERAL_NULL_CONVERSION = YES;
				CLANG_WARN_OBJC_IMPLICIT_RETAIN_SELF = YES;
				CLANG_WARN_OBJC_LITERAL_CONVERSION = YES;
				CLANG_WARN_OBJC_ROOT_CLASS = YES_ERROR;
				CLANG_WARN_QUOTED_INCLUDE_IN_FRAMEWORK_HEADER = YES;
				CLANG_WARN_RANGE_LOOP_ANALYSIS = YES;
				CLANG_WARN_STRICT_PROTOTYPES = YES;
				CLANG_WARN_SUSPICIOUS_MOVE = YES;
				CLANG_WARN_UNGUARDED_AVAILABILITY = YES_AGGRESSIVE;
				CLANG_WARN_UNREACHABLE_CODE = YES;
				CLANG_WARN__DUPLICATE_METHOD_MATCH = YES;
				COPY_PHASE_STRIP = NO;
				DEAD_CODE_STRIPPING = YES;
				DEBUG_INFORMATION_FORMAT = "dwarf-with-dsym";
				ENABLE_NS_ASSERTIONS = NO;
				ENABLE_STRICT_OBJC_MSGSEND = YES;
				ENABLE_USER_SCRIPT_SANDBOXING = YES;
				GCC_C_LANGUAGE_STANDARD = gnu11;
				GCC_NO_COMMON_BLOCKS = YES;
				GCC_WARN_64_TO_32_BIT_CONVERSION = YES;
				GCC_WARN_ABOUT_RETURN_TYPE = YES_ERROR;
				GCC_WARN_UNDECLARED_SELECTOR = YES;
				GCC_WARN_UNINITIALIZED_AUTOS = YES_AGGRESSIVE;
				GCC_WARN_UNUSED_FUNCTION = YES;
				GCC_WARN_UNUSED_VARIABLE = YES;
				MACOSX_DEPLOYMENT_TARGET = 13.0;
				MTL_ENABLE_DEBUG_INFO = NO;
				MTL_FAST_MATH = YES;
				SDKROOT = macosx;
				SWIFT_COMPILATION_MODE = wholemodule;
				SWIFT_OPTIMIZATION_LEVEL = "-O";
			};
			name = Release;
		};
		4938627C297F4BE900C61AE3 /* Debug */ = {
			isa = XCBuildConfiguration;
			buildSettings = {
				ASSETCATALOG_COMPILER_APPICON_NAME = AppIcon;
				ASSETCATALOG_COMPILER_GLOBAL_ACCENT_COLOR_NAME = AccentColor;
				CODE_SIGN_ENTITLEMENTS = Arrivals/Arrivals.entitlements;
				"CODE_SIGN_IDENTITY[sdk=macosx*]" = "-";
				CODE_SIGN_STYLE = Manual;
				COMBINE_HIDPI_IMAGES = YES;
				CURRENT_PROJECT_VERSION = 1;
				DEAD_CODE_STRIPPING = YES;
				DEVELOPMENT_ASSET_PATHS = "\"Arrivals/Preview Content\"";
				DEVELOPMENT_TEAM = "";
				"DEVELOPMENT_TEAM[sdk=macosx*]" = "";
				ENABLE_PREVIEWS = YES;
				FRAMEWORK_SEARCH_PATHS = "$(SRCROOT)/../shared/build/xcode-frameworks/$(CONFIGURATION)/$(SDK_NAME)";
				GENERATE_INFOPLIST_FILE = YES;
				INFOPLIST_FILE = Arrivals/Info.plist;
				INFOPLIST_KEY_CFBundleDisplayName = "TfL Arrivals";
				INFOPLIST_KEY_LSApplicationCategoryType = "public.app-category.utilities";
				INFOPLIST_KEY_LSUIElement = YES;
				INFOPLIST_KEY_NSHumanReadableCopyright = "";
				LD_RUNPATH_SEARCH_PATHS = (
					"$(inherited)",
					"@executable_path/../Frameworks",
				);
				MARKETING_VERSION = 0.1;
				OTHER_LDFLAGS = (
					"$(inherited)",
					"-framework",
					TflArrivals,
				);
				PRODUCT_BUNDLE_IDENTIFIER = com.jdamcd.Arrivals;
				PRODUCT_NAME = "$(TARGET_NAME)";
				PROVISIONING_PROFILE_SPECIFIER = "";
				"PROVISIONING_PROFILE_SPECIFIER[sdk=macosx*]" = "";
				SWIFT_EMIT_LOC_STRINGS = YES;
				SWIFT_VERSION = 5.0;
			};
			name = Debug;
		};
		4938627D297F4BE900C61AE3 /* Release */ = {
			isa = XCBuildConfiguration;
			buildSettings = {
				ASSETCATALOG_COMPILER_APPICON_NAME = AppIcon;
				ASSETCATALOG_COMPILER_GLOBAL_ACCENT_COLOR_NAME = AccentColor;
				CODE_SIGN_ENTITLEMENTS = Arrivals/Arrivals.entitlements;
				CODE_SIGN_IDENTITY = "Apple Development";
				"CODE_SIGN_IDENTITY[sdk=macosx*]" = "-";
				CODE_SIGN_STYLE = Manual;
				COMBINE_HIDPI_IMAGES = YES;
				CURRENT_PROJECT_VERSION = 1;
				DEAD_CODE_STRIPPING = YES;
				DEVELOPMENT_ASSET_PATHS = "\"Arrivals/Preview Content\"";
				DEVELOPMENT_TEAM = "";
				"DEVELOPMENT_TEAM[sdk=macosx*]" = "";
				ENABLE_HARDENED_RUNTIME = YES;
				ENABLE_PREVIEWS = YES;
				FRAMEWORK_SEARCH_PATHS = "$(SRCROOT)/../shared/build/xcode-frameworks/$(CONFIGURATION)/$(SDK_NAME)";
				GENERATE_INFOPLIST_FILE = YES;
				INFOPLIST_FILE = Arrivals/Info.plist;
				INFOPLIST_KEY_CFBundleDisplayName = "TfL Arrivals";
				INFOPLIST_KEY_LSApplicationCategoryType = "public.app-category.utilities";
				INFOPLIST_KEY_LSUIElement = YES;
				INFOPLIST_KEY_NSHumanReadableCopyright = "";
				LD_RUNPATH_SEARCH_PATHS = (
					"$(inherited)",
					"@executable_path/../Frameworks",
				);
				MARKETING_VERSION = 0.1;
				OTHER_LDFLAGS = (
					"$(inherited)",
					"-framework",
					TflArrivals,
				);
				PRODUCT_BUNDLE_IDENTIFIER = com.jdamcd.Arrivals;
				PRODUCT_NAME = "$(TARGET_NAME)";
				PROVISIONING_PROFILE_SPECIFIER = "";
				SWIFT_EMIT_LOC_STRINGS = YES;
				SWIFT_VERSION = 5.0;
			};
			name = Release;
		};
		4938627F297F4BE900C61AE3 /* Debug */ = {
			isa = XCBuildConfiguration;
			buildSettings = {
				ALWAYS_EMBED_SWIFT_STANDARD_LIBRARIES = YES;
				BUNDLE_LOADER = "$(TEST_HOST)";
				CODE_SIGN_STYLE = Automatic;
				CURRENT_PROJECT_VERSION = 1;
				DEAD_CODE_STRIPPING = YES;
				GENERATE_INFOPLIST_FILE = YES;
				MACOSX_DEPLOYMENT_TARGET = 13.0;
				MARKETING_VERSION = 1.0;
				PRODUCT_BUNDLE_IDENTIFIER = com.jdamcd.ArrivalsTests;
				PRODUCT_NAME = "$(TARGET_NAME)";
				SWIFT_EMIT_LOC_STRINGS = NO;
				SWIFT_VERSION = 5.0;
				TEST_HOST = "$(BUILT_PRODUCTS_DIR)/Arrivals.app/$(BUNDLE_EXECUTABLE_FOLDER_PATH)/Arrivals";
			};
			name = Debug;
		};
		49386280297F4BE900C61AE3 /* Release */ = {
			isa = XCBuildConfiguration;
			buildSettings = {
				ALWAYS_EMBED_SWIFT_STANDARD_LIBRARIES = YES;
				BUNDLE_LOADER = "$(TEST_HOST)";
				CODE_SIGN_STYLE = Automatic;
				CURRENT_PROJECT_VERSION = 1;
				DEAD_CODE_STRIPPING = YES;
				GENERATE_INFOPLIST_FILE = YES;
				MACOSX_DEPLOYMENT_TARGET = 13.0;
				MARKETING_VERSION = 1.0;
				PRODUCT_BUNDLE_IDENTIFIER = com.jdamcd.ArrivalsTests;
				PRODUCT_NAME = "$(TARGET_NAME)";
				SWIFT_EMIT_LOC_STRINGS = NO;
				SWIFT_VERSION = 5.0;
				TEST_HOST = "$(BUILT_PRODUCTS_DIR)/Arrivals.app/$(BUNDLE_EXECUTABLE_FOLDER_PATH)/Arrivals";
			};
			name = Release;
		};
		49386282297F4BE900C61AE3 /* Debug */ = {
			isa = XCBuildConfiguration;
			buildSettings = {
				ALWAYS_EMBED_SWIFT_STANDARD_LIBRARIES = YES;
				CODE_SIGN_STYLE = Automatic;
				CURRENT_PROJECT_VERSION = 1;
				DEAD_CODE_STRIPPING = YES;
				GENERATE_INFOPLIST_FILE = YES;
				MARKETING_VERSION = 1.0;
				PRODUCT_BUNDLE_IDENTIFIER = com.jdamcd.ArrivalsUITests;
				PRODUCT_NAME = "$(TARGET_NAME)";
				SWIFT_EMIT_LOC_STRINGS = NO;
				SWIFT_VERSION = 5.0;
				TEST_TARGET_NAME = Arrivals;
			};
			name = Debug;
		};
		49386283297F4BE900C61AE3 /* Release */ = {
			isa = XCBuildConfiguration;
			buildSettings = {
				ALWAYS_EMBED_SWIFT_STANDARD_LIBRARIES = YES;
				CODE_SIGN_STYLE = Automatic;
				CURRENT_PROJECT_VERSION = 1;
				DEAD_CODE_STRIPPING = YES;
				GENERATE_INFOPLIST_FILE = YES;
				MARKETING_VERSION = 1.0;
				PRODUCT_BUNDLE_IDENTIFIER = com.jdamcd.ArrivalsUITests;
				PRODUCT_NAME = "$(TARGET_NAME)";
				SWIFT_EMIT_LOC_STRINGS = NO;
				SWIFT_VERSION = 5.0;
				TEST_TARGET_NAME = Arrivals;
			};
			name = Release;
		};
/* End XCBuildConfiguration section */

/* Begin XCConfigurationList section */
		49386251297F4BE700C61AE3 /* Build configuration list for PBXProject "Arrivals" */ = {
			isa = XCConfigurationList;
			buildConfigurations = (
				49386279297F4BE900C61AE3 /* Debug */,
				4938627A297F4BE900C61AE3 /* Release */,
			);
			defaultConfigurationIsVisible = 0;
			defaultConfigurationName = Release;
		};
		4938627B297F4BE900C61AE3 /* Build configuration list for PBXNativeTarget "Arrivals" */ = {
			isa = XCConfigurationList;
			buildConfigurations = (
				4938627C297F4BE900C61AE3 /* Debug */,
				4938627D297F4BE900C61AE3 /* Release */,
			);
			defaultConfigurationIsVisible = 0;
			defaultConfigurationName = Release;
		};
		4938627E297F4BE900C61AE3 /* Build configuration list for PBXNativeTarget "ArrivalsTests" */ = {
			isa = XCConfigurationList;
			buildConfigurations = (
				4938627F297F4BE900C61AE3 /* Debug */,
				49386280297F4BE900C61AE3 /* Release */,
			);
			defaultConfigurationIsVisible = 0;
			defaultConfigurationName = Release;
		};
		49386281297F4BE900C61AE3 /* Build configuration list for PBXNativeTarget "ArrivalsUITests" */ = {
			isa = XCConfigurationList;
			buildConfigurations = (
				49386282297F4BE900C61AE3 /* Debug */,
				49386283297F4BE900C61AE3 /* Release */,
			);
			defaultConfigurationIsVisible = 0;
			defaultConfigurationName = Release;
		};
/* End XCConfigurationList section */

/* Begin XCRemoteSwiftPackageReference section */
		49D28FF52B1B76600015C9D7 /* XCRemoteSwiftPackageReference "SettingsAccess" */ = {
			isa = XCRemoteSwiftPackageReference;
			repositoryURL = "https://github.com/orchetect/SettingsAccess";
			requirement = {
				kind = exactVersion;
				version = 1.4.0;
			};
		};
/* End XCRemoteSwiftPackageReference section */

/* Begin XCSwiftPackageProductDependency section */
		49D28FF62B1B76600015C9D7 /* SettingsAccess */ = {
			isa = XCSwiftPackageProductDependency;
			package = 49D28FF52B1B76600015C9D7 /* XCRemoteSwiftPackageReference "SettingsAccess" */;
			productName = SettingsAccess;
		};
/* End XCSwiftPackageProductDependency section */
	};
	rootObject = 4938624E297F4BE700C61AE3 /* Project object */;
}
