{
  "originHash" : "d46323afa3e9435601487a61c9dfaba752136fc906f07d1ea16c4e3d9181ade0",
  "pins" : [
    {
      "identity" : "settingsaccess",
      "kind" : "remoteSourceControl",
      "location" : "https://github.com/orchetect/SettingsAccess",
      "state" : {
        "revision" : "f0b57b4c4c0de66b9f4d6c41d39f1d6ede0c9891",
        "version" : "2.0.0"
      }
    }
  ],
  "version" : 3
}
